// !$*UTF8*$!
{
	archiveVersion = 1;
	classes = {
	};
	objectVersion = 77;
	objects = {

/* Begin PBXBuildFile section */
		C93ACEF52D4B78450081A3B4 /* DependenciesMacros in Frameworks */ = {isa = PBXBuildFile; productRef = C93ACEF42D4B78450081A3B4 /* DependenciesMacros */; };
		C9C860332D756BAD007F0C46 /* FirebaseMessaging in Frameworks */ = {isa = PBXBuildFile; productRef = C9C860322D756BAD007F0C46 /* FirebaseMessaging */; };
		C9C860362D756BCF007F0C46 /* Dependencies in Frameworks */ = {isa = PBXBuildFile; productRef = C9C860352D756BCF007F0C46 /* Dependencies */; };
		C9C860382D756BCF007F0C46 /* DependenciesMacros in Frameworks */ = {isa = PBXBuildFile; productRef = C9C860372D756BCF007F0C46 /* DependenciesMacros */; };
		F51BC24E2D91910B00CB9A2B /* MarkdownUI in Frameworks */ = {isa = PBXBuildFile; productRef = F51BC24D2D91910B00CB9A2B /* MarkdownUI */; };
		F51BC2552D91A0F000CB9A2B /* SkeletonUI in Frameworks */ = {isa = PBXBuildFile; productRef = F51BC2542D91A0F000CB9A2B /* SkeletonUI */; };
/* End PBXBuildFile section */

/* Begin PBXContainerItemProxy section */
		F519DC5C2D2914D0004D209C /* PBXContainerItemProxy */ = {
			isa = PBXContainerItemProxy;
			containerPortal = F519DC432D2914CE004D209C /* Project object */;
			proxyType = 1;
			remoteGlobalIDString = F519DC4A2D2914CE004D209C;
			remoteInfo = "yappu-world-ios";
		};
		F519DC662D2914D0004D209C /* PBXContainerItemProxy */ = {
			isa = PBXContainerItemProxy;
			containerPortal = F519DC432D2914CE004D209C /* Project object */;
			proxyType = 1;
			remoteGlobalIDString = F519DC4A2D2914CE004D209C;
			remoteInfo = "yappu-world-ios";
		};
/* End PBXContainerItemProxy section */

/* Begin PBXFileReference section */
		F519DC4B2D2914CE004D209C /* yappu-world-ios.app */ = {isa = PBXFileReference; explicitFileType = wrapper.application; includeInIndex = 0; path = "yappu-world-ios.app"; sourceTree = BUILT_PRODUCTS_DIR; };
		F519DC5B2D2914D0004D209C /* yappu-world-iosTests.xctest */ = {isa = PBXFileReference; explicitFileType = wrapper.cfbundle; includeInIndex = 0; path = "yappu-world-iosTests.xctest"; sourceTree = BUILT_PRODUCTS_DIR; };
		F519DC652D2914D0004D209C /* yappu-world-iosUITests.xctest */ = {isa = PBXFileReference; explicitFileType = wrapper.cfbundle; includeInIndex = 0; path = "yappu-world-iosUITests.xctest"; sourceTree = BUILT_PRODUCTS_DIR; };
/* End PBXFileReference section */

/* Begin PBXFileSystemSynchronizedBuildFileExceptionSet section */
		C9C8604F2D75D828007F0C46 /* Exceptions for "yappu-world-ios" folder in "yappu-world-ios" target */ = {
			isa = PBXFileSystemSynchronizedBuildFileExceptionSet;
			membershipExceptions = (
				Info.plist,
			);
			target = F519DC4A2D2914CE004D209C /* yappu-world-ios */;
		};
/* End PBXFileSystemSynchronizedBuildFileExceptionSet section */

/* Begin PBXFileSystemSynchronizedRootGroup section */
		F519DC4D2D2914CE004D209C /* yappu-world-ios */ = {
			isa = PBXFileSystemSynchronizedRootGroup;
			exceptions = (
				C9C8604F2D75D828007F0C46 /* Exceptions for "yappu-world-ios" folder in "yappu-world-ios" target */,
			);
			path = "yappu-world-ios";
			sourceTree = "<group>";
		};
		F519DC5E2D2914D0004D209C /* yappu-world-iosTests */ = {
			isa = PBXFileSystemSynchronizedRootGroup;
			path = "yappu-world-iosTests";
			sourceTree = "<group>";
		};
		F519DC682D2914D0004D209C /* yappu-world-iosUITests */ = {
			isa = PBXFileSystemSynchronizedRootGroup;
			path = "yappu-world-iosUITests";
			sourceTree = "<group>";
		};
/* End PBXFileSystemSynchronizedRootGroup section */

/* Begin PBXFrameworksBuildPhase section */
		F519DC482D2914CE004D209C /* Frameworks */ = {
			isa = PBXFrameworksBuildPhase;
			buildActionMask = 2147483647;
			files = (
				C9C860362D756BCF007F0C46 /* Dependencies in Frameworks */,
				F51BC2552D91A0F000CB9A2B /* SkeletonUI in Frameworks */,
				C9C860332D756BAD007F0C46 /* FirebaseMessaging in Frameworks */,
				C9C860382D756BCF007F0C46 /* DependenciesMacros in Frameworks */,
				C93ACEF52D4B78450081A3B4 /* DependenciesMacros in Frameworks */,
				F51BC24E2D91910B00CB9A2B /* MarkdownUI in Frameworks */,
			);
			runOnlyForDeploymentPostprocessing = 0;
		};
		F519DC582D2914D0004D209C /* Frameworks */ = {
			isa = PBXFrameworksBuildPhase;
			buildActionMask = 2147483647;
			files = (
			);
			runOnlyForDeploymentPostprocessing = 0;
		};
		F519DC622D2914D0004D209C /* Frameworks */ = {
			isa = PBXFrameworksBuildPhase;
			buildActionMask = 2147483647;
			files = (
			);
			runOnlyForDeploymentPostprocessing = 0;
		};
/* End PBXFrameworksBuildPhase section */

/* Begin PBXGroup section */
		F519DC422D2914CE004D209C = {
			isa = PBXGroup;
			children = (
				F519DC4D2D2914CE004D209C /* yappu-world-ios */,
				F519DC5E2D2914D0004D209C /* yappu-world-iosTests */,
				F519DC682D2914D0004D209C /* yappu-world-iosUITests */,
				F519DC4C2D2914CE004D209C /* Products */,
			);
			sourceTree = "<group>";
		};
		F519DC4C2D2914CE004D209C /* Products */ = {
			isa = PBXGroup;
			children = (
				F519DC4B2D2914CE004D209C /* yappu-world-ios.app */,
				F519DC5B2D2914D0004D209C /* yappu-world-iosTests.xctest */,
				F519DC652D2914D0004D209C /* yappu-world-iosUITests.xctest */,
			);
			name = Products;
			sourceTree = "<group>";
		};
/* End PBXGroup section */

/* Begin PBXNativeTarget section */
		F519DC4A2D2914CE004D209C /* yappu-world-ios */ = {
			isa = PBXNativeTarget;
			buildConfigurationList = F519DC6F2D2914D0004D209C /* Build configuration list for PBXNativeTarget "yappu-world-ios" */;
			buildPhases = (
				F519DC472D2914CE004D209C /* Sources */,
				F519DC482D2914CE004D209C /* Frameworks */,
				F519DC492D2914CE004D209C /* Resources */,
			);
			buildRules = (
			);
			dependencies = (
			);
			fileSystemSynchronizedGroups = (
				F519DC4D2D2914CE004D209C /* yappu-world-ios */,
			);
			name = "yappu-world-ios";
			packageProductDependencies = (
				C93ACEF42D4B78450081A3B4 /* DependenciesMacros */,
				C9C860322D756BAD007F0C46 /* FirebaseMessaging */,
				C9C860352D756BCF007F0C46 /* Dependencies */,
				C9C860372D756BCF007F0C46 /* DependenciesMacros */,
				F51BC24D2D91910B00CB9A2B /* MarkdownUI */,
				F51BC2542D91A0F000CB9A2B /* SkeletonUI */,
			);
			productName = "yappu-world-ios";
			productReference = F519DC4B2D2914CE004D209C /* yappu-world-ios.app */;
			productType = "com.apple.product-type.application";
		};
		F519DC5A2D2914D0004D209C /* yappu-world-iosTests */ = {
			isa = PBXNativeTarget;
			buildConfigurationList = F519DC722D2914D0004D209C /* Build configuration list for PBXNativeTarget "yappu-world-iosTests" */;
			buildPhases = (
				F519DC572D2914D0004D209C /* Sources */,
				F519DC582D2914D0004D209C /* Frameworks */,
				F519DC592D2914D0004D209C /* Resources */,
			);
			buildRules = (
			);
			dependencies = (
				F519DC5D2D2914D0004D209C /* PBXTargetDependency */,
			);
			fileSystemSynchronizedGroups = (
				F519DC5E2D2914D0004D209C /* yappu-world-iosTests */,
			);
			name = "yappu-world-iosTests";
			packageProductDependencies = (
			);
			productName = "yappu-world-iosTests";
			productReference = F519DC5B2D2914D0004D209C /* yappu-world-iosTests.xctest */;
			productType = "com.apple.product-type.bundle.unit-test";
		};
		F519DC642D2914D0004D209C /* yappu-world-iosUITests */ = {
			isa = PBXNativeTarget;
			buildConfigurationList = F519DC752D2914D0004D209C /* Build configuration list for PBXNativeTarget "yappu-world-iosUITests" */;
			buildPhases = (
				F519DC612D2914D0004D209C /* Sources */,
				F519DC622D2914D0004D209C /* Frameworks */,
				F519DC632D2914D0004D209C /* Resources */,
			);
			buildRules = (
			);
			dependencies = (
				F519DC672D2914D0004D209C /* PBXTargetDependency */,
			);
			fileSystemSynchronizedGroups = (
				F519DC682D2914D0004D209C /* yappu-world-iosUITests */,
			);
			name = "yappu-world-iosUITests";
			packageProductDependencies = (
			);
			productName = "yappu-world-iosUITests";
			productReference = F519DC652D2914D0004D209C /* yappu-world-iosUITests.xctest */;
			productType = "com.apple.product-type.bundle.ui-testing";
		};
/* End PBXNativeTarget section */

/* Begin PBXProject section */
		F519DC432D2914CE004D209C /* Project object */ = {
			isa = PBXProject;
			attributes = {
				BuildIndependentTargetsInParallel = 1;
				LastSwiftUpdateCheck = 1620;
				LastUpgradeCheck = 1620;
				TargetAttributes = {
					F519DC4A2D2914CE004D209C = {
						CreatedOnToolsVersion = 16.2;
					};
					F519DC5A2D2914D0004D209C = {
						CreatedOnToolsVersion = 16.2;
						TestTargetID = F519DC4A2D2914CE004D209C;
					};
					F519DC642D2914D0004D209C = {
						CreatedOnToolsVersion = 16.2;
						TestTargetID = F519DC4A2D2914CE004D209C;
					};
				};
			};
			buildConfigurationList = F519DC462D2914CE004D209C /* Build configuration list for PBXProject "yappu-world-ios" */;
			developmentRegion = en;
			hasScannedForEncodings = 0;
			knownRegions = (
				en,
				Base,
			);
			mainGroup = F519DC422D2914CE004D209C;
			minimizedProjectReferenceProxies = 1;
			packageReferences = (
				C9C860312D756BAD007F0C46 /* XCRemoteSwiftPackageReference "firebase-ios-sdk" */,
				C9C860342D756BCF007F0C46 /* XCRemoteSwiftPackageReference "swift-dependencies" */,
				F51BC24C2D91910B00CB9A2B /* XCRemoteSwiftPackageReference "swift-markdown-ui" */,
				F51BC2532D91A0F000CB9A2B /* XCRemoteSwiftPackageReference "SkeletonUI" */,
			);
			preferredProjectObjectVersion = 77;
			productRefGroup = F519DC4C2D2914CE004D209C /* Products */;
			projectDirPath = "";
			projectRoot = "";
			targets = (
				F519DC4A2D2914CE004D209C /* yappu-world-ios */,
				F519DC5A2D2914D0004D209C /* yappu-world-iosTests */,
				F519DC642D2914D0004D209C /* yappu-world-iosUITests */,
			);
		};
/* End PBXProject section */

/* Begin PBXResourcesBuildPhase section */
		F519DC492D2914CE004D209C /* Resources */ = {
			isa = PBXResourcesBuildPhase;
			buildActionMask = 2147483647;
			files = (
			);
			runOnlyForDeploymentPostprocessing = 0;
		};
		F519DC592D2914D0004D209C /* Resources */ = {
			isa = PBXResourcesBuildPhase;
			buildActionMask = 2147483647;
			files = (
			);
			runOnlyForDeploymentPostprocessing = 0;
		};
		F519DC632D2914D0004D209C /* Resources */ = {
			isa = PBXResourcesBuildPhase;
			buildActionMask = 2147483647;
			files = (
			);
			runOnlyForDeploymentPostprocessing = 0;
		};
/* End PBXResourcesBuildPhase section */

/* Begin PBXSourcesBuildPhase section */
		F519DC472D2914CE004D209C /* Sources */ = {
			isa = PBXSourcesBuildPhase;
			buildActionMask = 2147483647;
			files = (
			);
			runOnlyForDeploymentPostprocessing = 0;
		};
		F519DC572D2914D0004D209C /* Sources */ = {
			isa = PBXSourcesBuildPhase;
			buildActionMask = 2147483647;
			files = (
			);
			runOnlyForDeploymentPostprocessing = 0;
		};
		F519DC612D2914D0004D209C /* Sources */ = {
			isa = PBXSourcesBuildPhase;
			buildActionMask = 2147483647;
			files = (
			);
			runOnlyForDeploymentPostprocessing = 0;
		};
/* End PBXSourcesBuildPhase section */

/* Begin PBXTargetDependency section */
		F519DC5D2D2914D0004D209C /* PBXTargetDependency */ = {
			isa = PBXTargetDependency;
			target = F519DC4A2D2914CE004D209C /* yappu-world-ios */;
			targetProxy = F519DC5C2D2914D0004D209C /* PBXContainerItemProxy */;
		};
		F519DC672D2914D0004D209C /* PBXTargetDependency */ = {
			isa = PBXTargetDependency;
			target = F519DC4A2D2914CE004D209C /* yappu-world-ios */;
			targetProxy = F519DC662D2914D0004D209C /* PBXContainerItemProxy */;
		};
/* End PBXTargetDependency section */

/* Begin XCBuildConfiguration section */
		F519DC6D2D2914D0004D209C /* Debug */ = {
			isa = XCBuildConfiguration;
			buildSettings = {
				ALWAYS_SEARCH_USER_PATHS = NO;
				ASSETCATALOG_COMPILER_GENERATE_SWIFT_ASSET_SYMBOL_EXTENSIONS = YES;
				CLANG_ANALYZER_NONNULL = YES;
				CLANG_ANALYZER_NUMBER_OBJECT_CONVERSION = YES_AGGRESSIVE;
				CLANG_CXX_LANGUAGE_STANDARD = "gnu++20";
				CLANG_ENABLE_MODULES = YES;
				CLANG_ENABLE_OBJC_ARC = YES;
				CLANG_ENABLE_OBJC_WEAK = YES;
				CLANG_WARN_BLOCK_CAPTURE_AUTORELEASING = YES;
				CLANG_WARN_BOOL_CONVERSION = YES;
				CLANG_WARN_COMMA = YES;
				CLANG_WARN_CONSTANT_CONVERSION = YES;
				CLANG_WARN_DEPRECATED_OBJC_IMPLEMENTATIONS = YES;
				CLANG_WARN_DIRECT_OBJC_ISA_USAGE = YES_ERROR;
				CLANG_WARN_DOCUMENTATION_COMMENTS = YES;
				CLANG_WARN_EMPTY_BODY = YES;
				CLANG_WARN_ENUM_CONVERSION = YES;
				CLANG_WARN_INFINITE_RECURSION = YES;
				CLANG_WARN_INT_CONVERSION = YES;
				CLANG_WARN_NON_LITERAL_NULL_CONVERSION = YES;
				CLANG_WARN_OBJC_IMPLICIT_RETAIN_SELF = YES;
				CLANG_WARN_OBJC_LITERAL_CONVERSION = YES;
				CLANG_WARN_OBJC_ROOT_CLASS = YES_ERROR;
				CLANG_WARN_QUOTED_INCLUDE_IN_FRAMEWORK_HEADER = YES;
				CLANG_WARN_RANGE_LOOP_ANALYSIS = YES;
				CLANG_WARN_STRICT_PROTOTYPES = YES;
				CLANG_WARN_SUSPICIOUS_MOVE = YES;
				CLANG_WARN_UNGUARDED_AVAILABILITY = YES_AGGRESSIVE;
				CLANG_WARN_UNREACHABLE_CODE = YES;
				CLANG_WARN__DUPLICATE_METHOD_MATCH = YES;
				COPY_PHASE_STRIP = NO;
				DEBUG_INFORMATION_FORMAT = dwarf;
				ENABLE_STRICT_OBJC_MSGSEND = YES;
				ENABLE_TESTABILITY = YES;
				ENABLE_USER_SCRIPT_SANDBOXING = YES;
				GCC_C_LANGUAGE_STANDARD = gnu17;
				GCC_DYNAMIC_NO_PIC = NO;
				GCC_NO_COMMON_BLOCKS = YES;
				GCC_OPTIMIZATION_LEVEL = 0;
				GCC_PREPROCESSOR_DEFINITIONS = (
					"DEBUG=1",
					"$(inherited)",
				);
				GCC_WARN_64_TO_32_BIT_CONVERSION = YES;
				GCC_WARN_ABOUT_RETURN_TYPE = YES_ERROR;
				GCC_WARN_UNDECLARED_SELECTOR = YES;
				GCC_WARN_UNINITIALIZED_AUTOS = YES_AGGRESSIVE;
				GCC_WARN_UNUSED_FUNCTION = YES;
				GCC_WARN_UNUSED_VARIABLE = YES;
				IPHONEOS_DEPLOYMENT_TARGET = 18.2;
				LOCALIZATION_PREFERS_STRING_CATALOGS = YES;
				MTL_ENABLE_DEBUG_INFO = INCLUDE_SOURCE;
				MTL_FAST_MATH = YES;
				ONLY_ACTIVE_ARCH = YES;
				SDKROOT = iphoneos;
				SWIFT_ACTIVE_COMPILATION_CONDITIONS = "DEBUG $(inherited)";
				SWIFT_OPTIMIZATION_LEVEL = "-Onone";
			};
			name = Debug;
		};
		F519DC6E2D2914D0004D209C /* Release */ = {
			isa = XCBuildConfiguration;
			buildSettings = {
				ALWAYS_SEARCH_USER_PATHS = NO;
				ASSETCATALOG_COMPILER_GENERATE_SWIFT_ASSET_SYMBOL_EXTENSIONS = YES;
				CLANG_ANALYZER_NONNULL = YES;
				CLANG_ANALYZER_NUMBER_OBJECT_CONVERSION = YES_AGGRESSIVE;
				CLANG_CXX_LANGUAGE_STANDARD = "gnu++20";
				CLANG_ENABLE_MODULES = YES;
				CLANG_ENABLE_OBJC_ARC = YES;
				CLANG_ENABLE_OBJC_WEAK = YES;
				CLANG_WARN_BLOCK_CAPTURE_AUTORELEASING = YES;
				CLANG_WARN_BOOL_CONVERSION = YES;
				CLANG_WARN_COMMA = YES;
				CLANG_WARN_CONSTANT_CONVERSION = YES;
				CLANG_WARN_DEPRECATED_OBJC_IMPLEMENTATIONS = YES;
				CLANG_WARN_DIRECT_OBJC_ISA_USAGE = YES_ERROR;
				CLANG_WARN_DOCUMENTATION_COMMENTS = YES;
				CLANG_WARN_EMPTY_BODY = YES;
				CLANG_WARN_ENUM_CONVERSION = YES;
				CLANG_WARN_INFINITE_RECURSION = YES;
				CLANG_WARN_INT_CONVERSION = YES;
				CLANG_WARN_NON_LITERAL_NULL_CONVERSION = YES;
				CLANG_WARN_OBJC_IMPLICIT_RETAIN_SELF = YES;
				CLANG_WARN_OBJC_LITERAL_CONVERSION = YES;
				CLANG_WARN_OBJC_ROOT_CLASS = YES_ERROR;
				CLANG_WARN_QUOTED_INCLUDE_IN_FRAMEWORK_HEADER = YES;
				CLANG_WARN_RANGE_LOOP_ANALYSIS = YES;
				CLANG_WARN_STRICT_PROTOTYPES = YES;
				CLANG_WARN_SUSPICIOUS_MOVE = YES;
				CLANG_WARN_UNGUARDED_AVAILABILITY = YES_AGGRESSIVE;
				CLANG_WARN_UNREACHABLE_CODE = YES;
				CLANG_WARN__DUPLICATE_METHOD_MATCH = YES;
				COPY_PHASE_STRIP = NO;
				DEBUG_INFORMATION_FORMAT = "dwarf-with-dsym";
				ENABLE_NS_ASSERTIONS = NO;
				ENABLE_STRICT_OBJC_MSGSEND = YES;
				ENABLE_USER_SCRIPT_SANDBOXING = YES;
				GCC_C_LANGUAGE_STANDARD = gnu17;
				GCC_NO_COMMON_BLOCKS = YES;
				GCC_WARN_64_TO_32_BIT_CONVERSION = YES;
				GCC_WARN_ABOUT_RETURN_TYPE = YES_ERROR;
				GCC_WARN_UNDECLARED_SELECTOR = YES;
				GCC_WARN_UNINITIALIZED_AUTOS = YES_AGGRESSIVE;
				GCC_WARN_UNUSED_FUNCTION = YES;
				GCC_WARN_UNUSED_VARIABLE = YES;
				IPHONEOS_DEPLOYMENT_TARGET = 18.2;
				LOCALIZATION_PREFERS_STRING_CATALOGS = YES;
				MTL_ENABLE_DEBUG_INFO = NO;
				MTL_FAST_MATH = YES;
				SDKROOT = iphoneos;
				SWIFT_COMPILATION_MODE = wholemodule;
				VALIDATE_PRODUCT = YES;
			};
			name = Release;
		};
		F519DC702D2914D0004D209C /* Debug */ = {
			isa = XCBuildConfiguration;
			buildSettings = {
				ASSETCATALOG_COMPILER_APPICON_NAME = AppIcon;
				ASSETCATALOG_COMPILER_GLOBAL_ACCENT_COLOR_NAME = AccentColor;
				CODE_SIGN_ENTITLEMENTS = "yappu-world-ios/yappu-world-ios.entitlements";
				CODE_SIGN_STYLE = Automatic;
				CURRENT_PROJECT_VERSION = 1;
				DEVELOPMENT_ASSET_PATHS = "\"yappu-world-ios/Preview Content\"";
				DEVELOPMENT_TEAM = FNC65X95VM;
				ENABLE_PREVIEWS = YES;
				GENERATE_INFOPLIST_FILE = YES;
				INFOPLIST_FILE = "yappu-world-ios/Info.plist";
				INFOPLIST_KEY_UIApplicationSceneManifest_Generation = YES;
				INFOPLIST_KEY_UIApplicationSupportsIndirectInputEvents = YES;
				INFOPLIST_KEY_UILaunchScreen_Generation = YES;
				INFOPLIST_KEY_UISupportedInterfaceOrientations_iPad = "UIInterfaceOrientationPortrait UIInterfaceOrientationPortraitUpsideDown UIInterfaceOrientationLandscapeLeft UIInterfaceOrientationLandscapeRight";
				INFOPLIST_KEY_UISupportedInterfaceOrientations_iPhone = "UIInterfaceOrientationPortrait UIInterfaceOrientationLandscapeLeft UIInterfaceOrientationLandscapeRight";
				IPHONEOS_DEPLOYMENT_TARGET = 17.0;
				LD_RUNPATH_SEARCH_PATHS = (
					"$(inherited)",
					"@executable_path/Frameworks",
				);
				MARKETING_VERSION = 1.0;
				PRODUCT_BUNDLE_IDENTIFIER = "yapp.yappu-world-ios";
				PRODUCT_NAME = "$(TARGET_NAME)";
				SWIFT_EMIT_LOC_STRINGS = YES;
				SWIFT_VERSION = 5.0;
				TARGETED_DEVICE_FAMILY = "1,2";
			};
			name = Debug;
		};
		F519DC712D2914D0004D209C /* Release */ = {
			isa = XCBuildConfiguration;
			buildSettings = {
				ASSETCATALOG_COMPILER_APPICON_NAME = AppIcon;
				ASSETCATALOG_COMPILER_GLOBAL_ACCENT_COLOR_NAME = AccentColor;
				CODE_SIGN_ENTITLEMENTS = "yappu-world-ios/yappu-world-ios.entitlements";
				CODE_SIGN_STYLE = Automatic;
				CURRENT_PROJECT_VERSION = 1;
				DEVELOPMENT_ASSET_PATHS = "\"yappu-world-ios/Preview Content\"";
				DEVELOPMENT_TEAM = FNC65X95VM;
				ENABLE_PREVIEWS = YES;
				GENERATE_INFOPLIST_FILE = YES;
				INFOPLIST_FILE = "yappu-world-ios/Info.plist";
				INFOPLIST_KEY_UIApplicationSceneManifest_Generation = YES;
				INFOPLIST_KEY_UIApplicationSupportsIndirectInputEvents = YES;
				INFOPLIST_KEY_UILaunchScreen_Generation = YES;
				INFOPLIST_KEY_UISupportedInterfaceOrientations_iPad = "UIInterfaceOrientationPortrait UIInterfaceOrientationPortraitUpsideDown UIInterfaceOrientationLandscapeLeft UIInterfaceOrientationLandscapeRight";
				INFOPLIST_KEY_UISupportedInterfaceOrientations_iPhone = "UIInterfaceOrientationPortrait UIInterfaceOrientationLandscapeLeft UIInterfaceOrientationLandscapeRight";
				IPHONEOS_DEPLOYMENT_TARGET = 17.0;
				LD_RUNPATH_SEARCH_PATHS = (
					"$(inherited)",
					"@executable_path/Frameworks",
				);
				MARKETING_VERSION = 1.0;
				PRODUCT_BUNDLE_IDENTIFIER = "yapp.yappu-world-ios";
				PRODUCT_NAME = "$(TARGET_NAME)";
				SWIFT_EMIT_LOC_STRINGS = YES;
				SWIFT_VERSION = 5.0;
				TARGETED_DEVICE_FAMILY = "1,2";
			};
			name = Release;
		};
		F519DC732D2914D0004D209C /* Debug */ = {
			isa = XCBuildConfiguration;
			buildSettings = {
				BUNDLE_LOADER = "$(TEST_HOST)";
				CODE_SIGN_STYLE = Automatic;
				CURRENT_PROJECT_VERSION = 1;
				DEVELOPMENT_TEAM = ZMXTCSPNUZ;
				GENERATE_INFOPLIST_FILE = YES;
				IPHONEOS_DEPLOYMENT_TARGET = 18.2;
				MARKETING_VERSION = 1.0;
				PRODUCT_BUNDLE_IDENTIFIER = "yapp.yappu-world-iosTests";
				PRODUCT_NAME = "$(TARGET_NAME)";
				SWIFT_EMIT_LOC_STRINGS = NO;
				SWIFT_VERSION = 5.0;
				TARGETED_DEVICE_FAMILY = "1,2";
				TEST_HOST = "$(BUILT_PRODUCTS_DIR)/yappu-world-ios.app/$(BUNDLE_EXECUTABLE_FOLDER_PATH)/yappu-world-ios";
			};
			name = Debug;
		};
		F519DC742D2914D0004D209C /* Release */ = {
			isa = XCBuildConfiguration;
			buildSettings = {
				BUNDLE_LOADER = "$(TEST_HOST)";
				CODE_SIGN_STYLE = Automatic;
				CURRENT_PROJECT_VERSION = 1;
				DEVELOPMENT_TEAM = ZMXTCSPNUZ;
				GENERATE_INFOPLIST_FILE = YES;
				IPHONEOS_DEPLOYMENT_TARGET = 18.2;
				MARKETING_VERSION = 1.0;
				PRODUCT_BUNDLE_IDENTIFIER = "yapp.yappu-world-iosTests";
				PRODUCT_NAME = "$(TARGET_NAME)";
				SWIFT_EMIT_LOC_STRINGS = NO;
				SWIFT_VERSION = 5.0;
				TARGETED_DEVICE_FAMILY = "1,2";
				TEST_HOST = "$(BUILT_PRODUCTS_DIR)/yappu-world-ios.app/$(BUNDLE_EXECUTABLE_FOLDER_PATH)/yappu-world-ios";
			};
			name = Release;
		};
		F519DC762D2914D0004D209C /* Debug */ = {
			isa = XCBuildConfiguration;
			buildSettings = {
				CODE_SIGN_STYLE = Automatic;
				CURRENT_PROJECT_VERSION = 1;
				DEVELOPMENT_TEAM = ZMXTCSPNUZ;
				GENERATE_INFOPLIST_FILE = YES;
				MARKETING_VERSION = 1.0;
				PRODUCT_BUNDLE_IDENTIFIER = "yapp.yappu-world-iosUITests";
				PRODUCT_NAME = "$(TARGET_NAME)";
				SWIFT_EMIT_LOC_STRINGS = NO;
				SWIFT_VERSION = 5.0;
				TARGETED_DEVICE_FAMILY = "1,2";
				TEST_TARGET_NAME = "yappu-world-ios";
			};
			name = Debug;
		};
		F519DC772D2914D0004D209C /* Release */ = {
			isa = XCBuildConfiguration;
			buildSettings = {
				CODE_SIGN_STYLE = Automatic;
				CURRENT_PROJECT_VERSION = 1;
				DEVELOPMENT_TEAM = ZMXTCSPNUZ;
				GENERATE_INFOPLIST_FILE = YES;
				MARKETING_VERSION = 1.0;
				PRODUCT_BUNDLE_IDENTIFIER = "yapp.yappu-world-iosUITests";
				PRODUCT_NAME = "$(TARGET_NAME)";
				SWIFT_EMIT_LOC_STRINGS = NO;
				SWIFT_VERSION = 5.0;
				TARGETED_DEVICE_FAMILY = "1,2";
				TEST_TARGET_NAME = "yappu-world-ios";
			};
			name = Release;
		};
/* End XCBuildConfiguration section */

/* Begin XCConfigurationList section */
		F519DC462D2914CE004D209C /* Build configuration list for PBXProject "yappu-world-ios" */ = {
			isa = XCConfigurationList;
			buildConfigurations = (
				F519DC6D2D2914D0004D209C /* Debug */,
				F519DC6E2D2914D0004D209C /* Release */,
			);
			defaultConfigurationIsVisible = 0;
			defaultConfigurationName = Release;
		};
		F519DC6F2D2914D0004D209C /* Build configuration list for PBXNativeTarget "yappu-world-ios" */ = {
			isa = XCConfigurationList;
			buildConfigurations = (
				F519DC702D2914D0004D209C /* Debug */,
				F519DC712D2914D0004D209C /* Release */,
			);
			defaultConfigurationIsVisible = 0;
			defaultConfigurationName = Release;
		};
		F519DC722D2914D0004D209C /* Build configuration list for PBXNativeTarget "yappu-world-iosTests" */ = {
			isa = XCConfigurationList;
			buildConfigurations = (
				F519DC732D2914D0004D209C /* Debug */,
				F519DC742D2914D0004D209C /* Release */,
			);
			defaultConfigurationIsVisible = 0;
			defaultConfigurationName = Release;
		};
		F519DC752D2914D0004D209C /* Build configuration list for PBXNativeTarget "yappu-world-iosUITests" */ = {
			isa = XCConfigurationList;
			buildConfigurations = (
				F519DC762D2914D0004D209C /* Debug */,
				F519DC772D2914D0004D209C /* Release */,
			);
			defaultConfigurationIsVisible = 0;
			defaultConfigurationName = Release;
		};
/* End XCConfigurationList section */

/* Begin XCRemoteSwiftPackageReference section */
		C9C860312D756BAD007F0C46 /* XCRemoteSwiftPackageReference "firebase-ios-sdk" */ = {
			isa = XCRemoteSwiftPackageReference;
			repositoryURL = "https://github.com/firebase/firebase-ios-sdk";
			requirement = {
				kind = upToNextMajorVersion;
				minimumVersion = 11.9.0;
			};
		};
		C9C860342D756BCF007F0C46 /* XCRemoteSwiftPackageReference "swift-dependencies" */ = {
			isa = XCRemoteSwiftPackageReference;
			repositoryURL = "https://github.com/pointfreeco/swift-dependencies";
			requirement = {
				kind = upToNextMajorVersion;
				minimumVersion = 1.8.0;
			};
		};
		F51BC24C2D91910B00CB9A2B /* XCRemoteSwiftPackageReference "swift-markdown-ui" */ = {
			isa = XCRemoteSwiftPackageReference;
			repositoryURL = "https://github.com/gonzalezreal/swift-markdown-ui.git";
			requirement = {
				kind = upToNextMajorVersion;
				minimumVersion = 2.4.1;
			};
		};
		F51BC2532D91A0F000CB9A2B /* XCRemoteSwiftPackageReference "SkeletonUI" */ = {
			isa = XCRemoteSwiftPackageReference;
			repositoryURL = "https://github.com/CSolanaM/SkeletonUI.git";
			requirement = {
				kind = upToNextMajorVersion;
				minimumVersion = 2.0.2;
			};
		};
/* End XCRemoteSwiftPackageReference section */

/* Begin XCSwiftPackageProductDependency section */
		C93ACEF42D4B78450081A3B4 /* DependenciesMacros */ = {
			isa = XCSwiftPackageProductDependency;
			productName = DependenciesMacros;
		};
		C9C860322D756BAD007F0C46 /* FirebaseMessaging */ = {
			isa = XCSwiftPackageProductDependency;
			package = C9C860312D756BAD007F0C46 /* XCRemoteSwiftPackageReference "firebase-ios-sdk" */;
			productName = FirebaseMessaging;
		};
		C9C860352D756BCF007F0C46 /* Dependencies */ = {
			isa = XCSwiftPackageProductDependency;
			package = C9C860342D756BCF007F0C46 /* XCRemoteSwiftPackageReference "swift-dependencies" */;
			productName = Dependencies;
		};
		C9C860372D756BCF007F0C46 /* DependenciesMacros */ = {
			isa = XCSwiftPackageProductDependency;
			package = C9C860342D756BCF007F0C46 /* XCRemoteSwiftPackageReference "swift-dependencies" */;
			productName = DependenciesMacros;
		};
		F51BC24D2D91910B00CB9A2B /* MarkdownUI */ = {
			isa = XCSwiftPackageProductDependency;
			package = F51BC24C2D91910B00CB9A2B /* XCRemoteSwiftPackageReference "swift-markdown-ui" */;
			productName = MarkdownUI;
		};
		F51BC2542D91A0F000CB9A2B /* SkeletonUI */ = {
			isa = XCSwiftPackageProductDependency;
			package = F51BC2532D91A0F000CB9A2B /* XCRemoteSwiftPackageReference "SkeletonUI" */;
			productName = SkeletonUI;
		};
/* End XCSwiftPackageProductDependency section */
	};
	rootObject = F519DC432D2914CE004D209C /* Project object */;
}
